<?xml version="1.0" encoding="utf-8"?>
<Project ToolsVersion="4.0" xmlns="http://schemas.microsoft.com/developer/msbuild/2003">
  <ItemGroup>
    <Filter Include="Source Files">
      <UniqueIdentifier>{4FC737F1-C7A5-4376-A066-2A32D752A2FF}</UniqueIdentifier>
      <Extensions>cpp;c;cc;cxx;def;odl;idl;hpj;bat;asm;asmx</Extensions>
    </Filter>
    <Filter Include="Header Files">
      <UniqueIdentifier>{93995380-89BD-4b04-88EB-625FBE52EBFB}</UniqueIdentifier>
      <Extensions>h;hh;hpp;hxx;hm;inl;inc;xsd</Extensions>
    </Filter>
    <Filter Include="Resource Files">
      <UniqueIdentifier>{67DA6AB6-F800-4c08-8B7A-83BB121AAD01}</UniqueIdentifier>
      <Extensions>rc;ico;cur;bmp;dlg;rc2;rct;bin;rgs;gif;jpg;jpeg;jpe;resx;tiff;tif;png;wav</Extensions>
    </Filter>
  </ItemGroup>
  <ItemGroup>
    <ClCompile Include="homework_1\insertIntoSortedArray.cpp">
      <Filter>Source Files</Filter>
    </ClCompile>
    <ClCompile Include="homework_1\Parks.cpp">
      <Filter>Source Files</Filter>
    </ClCompile>
    <ClCompile Include="homework_2\assignment2.cpp">
      <Filter>Source Files</Filter>
    </ClCompile>
    <ClCompile Include="homework_3\hw3_CountryNetwork.cpp">
      <Filter>Source Files</Filter>
    </ClCompile>
    <ClCompile Include="homework_3\hw3_main.cpp">
      <Filter>Source Files</Filter>
    </ClCompile>
    <ClCompile Include="homework_4\CountryNetwork.cpp">
      <Filter>Source Files</Filter>
    </ClCompile>
    <ClCompile Include="homework_4\main.cpp">
      <Filter>Source Files</Filter>
    </ClCompile>
    <ClCompile Include="lecture&amp;recitations\lecture9-4.cpp">
      <Filter>Source Files</Filter>
    </ClCompile>
    <ClCompile Include="lecture&amp;recitations\lecture9-6.cpp">
      <Filter>Source Files</Filter>
    </ClCompile>
    <ClCompile Include="lecture&amp;recitations\ll.cpp">
      <Filter>Source Files</Filter>
    </ClCompile>
    <ClCompile Include="lecture&amp;recitations\test.cpp">
      <Filter>Source Files</Filter>
    </ClCompile>
    <ClCompile Include="lecture&amp;recitations\recitation 4\LinkedList.cpp">
      <Filter>Source Files</Filter>
    </ClCompile>
    <ClCompile Include="lecture&amp;recitations\recitation 4\main.cpp">
      <Filter>Source Files</Filter>
    </ClCompile>
    <ClCompile Include="lecture&amp;recitations\recitation2\main.cpp">
      <Filter>Source Files</Filter>
    </ClCompile>
    <ClCompile Include="lecture&amp;recitations\recitation2\swap.cpp">
      <Filter>Source Files</Filter>
    </ClCompile>
    <ClCompile Include="lecture&amp;recitations\recitation3\exercise.cpp">
      <Filter>Source Files</Filter>
    </ClCompile>
    <ClCompile Include="templates\getlinefromfile.cpp">
      <Filter>Source Files</Filter>
    </ClCompile>
    <ClCompile Include="templates\header.cpp">
      <Filter>Source Files</Filter>
    </ClCompile>
    <ClCompile Include="templates\split.cpp">
      <Filter>Source Files</Filter>
    </ClCompile>
    <ClCompile Include="templates\kylehw\hw\hw1\p1.cpp">
      <Filter>Source Files</Filter>
    </ClCompile>
    <ClCompile Include="templates\kylehw\hw\hw1\p2.cpp">
      <Filter>Source Files</Filter>
    </ClCompile>
    <ClCompile Include="templates\kylehw\hw\hw2\main.cpp">
      <Filter>Source Files</Filter>
    </ClCompile>
    <ClCompile Include="templates\kylehw\hw\hw3\CountryNetwork.cpp">
      <Filter>Source Files</Filter>
    </ClCompile>
    <ClCompile Include="templates\kylehw\hw\hw3\main.cpp">
      <Filter>Source Files</Filter>
    </ClCompile>
    <ClCompile Include="templates\kylehw\hw\hw4\ProducerConsumer.cpp">
      <Filter>Source Files</Filter>
    </ClCompile>
    <ClCompile Include="templates\kylehw\hw\hw4\ProducerConsumerDriver.cpp">
      <Filter>Source Files</Filter>
    </ClCompile>
    <ClCompile Include="templates\kylehw\hw\hw4\RPNCalculatorDriver.cpp">
      <Filter>Source Files</Filter>
    </ClCompile>
    <ClCompile Include="templates\kylehw\hw\hw5\Driver.cpp">
      <Filter>Source Files</Filter>
    </ClCompile>
    <ClCompile Include="templates\kylehw\hw\hw5\MovieTree.cpp">
      <Filter>Source Files</Filter>
    </ClCompile>
    <ClCompile Include="templates\kylehw\hw\hw6\Driver.cpp">
      <Filter>Source Files</Filter>
    </ClCompile>
    <ClCompile Include="templates\kylehw\hw\hw6\MovieTree.cpp">
      <Filter>Source Files</Filter>
    </ClCompile>
    <ClCompile Include="templates\kylehw\hw\hw7\Driver.cpp">
      <Filter>Source Files</Filter>
    </ClCompile>
    <ClCompile Include="templates\kylehw\hw\hw7\HashTable.cpp">
      <Filter>Source Files</Filter>
    </ClCompile>
    <ClCompile Include="templates\kylehw\hw\hw8\Driver.cpp">
      <Filter>Source Files</Filter>
    </ClCompile>
    <ClCompile Include="templates\kylehw\hw\hw8\PriorityQueue.cpp">
      <Filter>Source Files</Filter>
    </ClCompile>
    <ClCompile Include="templates\kylehw\hw\hw9\Driver.cpp">
      <Filter>Source Files</Filter>
    </ClCompile>
    <ClCompile Include="templates\kylehw\hw\hw9\Graph.cpp">
      <Filter>Source Files</Filter>
    </ClCompile>
  </ItemGroup>
  <ItemGroup>
    <ClInclude Include="homework_3\hw3_CountryNetwork.hpp">
      <Filter>Header Files</Filter>
    </ClInclude>
    <ClInclude Include="homework_4\CountryNetwork.hpp">
      <Filter>Header Files</Filter>
    </ClInclude>
    <ClInclude Include="lecture&amp;recitations\recitation 4\LinkedList.h">
      <Filter>Header Files</Filter>
    </ClInclude>
    <ClInclude Include="lecture&amp;recitations\recitation2\swap.h">
      <Filter>Header Files</Filter>
    </ClInclude>
    <ClInclude Include="templates\kylehw\hw\hw3\CountryNetwork.hpp">
      <Filter>Header Files</Filter>
    </ClInclude>
    <ClInclude Include="templates\kylehw\hw\hw4\ProducerConsumer.hpp">
      <Filter>Header Files</Filter>
    </ClInclude>
    <ClInclude Include="templates\kylehw\hw\hw4\RPNCalculator.hpp">
      <Filter>Header Files</Filter>
    </ClInclude>
    <ClInclude Include="templates\kylehw\hw\hw5\MovieTree.hpp">
      <Filter>Header Files</Filter>
    </ClInclude>
    <ClInclude Include="templates\kylehw\hw\hw6\MovieTree.hpp">
      <Filter>Header Files</Filter>
    </ClInclude>
    <ClInclude Include="templates\kylehw\hw\hw7\HashTable.hpp">
      <Filter>Header Files</Filter>
    </ClInclude>
    <ClInclude Include="templates\kylehw\hw\hw8\PriorityQueue.hpp">
      <Filter>Header Files</Filter>
    </ClInclude>
    <ClInclude Include="templates\kylehw\hw\hw9\Graph.hpp">
      <Filter>Header Files</Filter>
    </ClInclude>
  </ItemGroup>
</Project>